<?xml version="1.0" encoding="utf-8"?>
<Project ToolsVersion="4.0" xmlns="http://schemas.microsoft.com/developer/msbuild/2003">
  <ItemGroup>
    <Filter Include="Source Files">
      <UniqueIdentifier>{4FC737F1-C7A5-4376-A066-2A32D752A2FF}</UniqueIdentifier>
      <Extensions>cpp;c;cc;cxx;def;odl;idl;hpj;bat;asm;asmx</Extensions>
    </Filter>
    <Filter Include="Header Files">
      <UniqueIdentifier>{93995380-89BD-4b04-88EB-625FBE52EBFB}</UniqueIdentifier>
      <Extensions>h;hh;hpp;hxx;hm;inl;inc;xsd</Extensions>
    </Filter>
    <Filter Include="Resource Files">
      <UniqueIdentifier>{67DA6AB6-F800-4c08-8B7A-83BB121AAD01}</UniqueIdentifier>
      <Extensions>rc;ico;cur;bmp;dlg;rc2;rct;bin;rgs;gif;jpg;jpeg;jpe;resx;tiff;tif;png;wav;mfcribbon-ms</Extensions>
    </Filter>
    <Filter Include="Documentation">
      <UniqueIdentifier>{9a6ec74d-b1fa-44d4-b9e1-20ad64353043}</UniqueIdentifier>
    </Filter>
    <Filter Include="FLUID Files">
      <UniqueIdentifier>{f652d640-110f-44c0-b0fc-e6dfd6e3aab2}</UniqueIdentifier>
    </Filter>
    <Filter Include="UserInterface">
      <UniqueIdentifier>{d9d088d2-f76c-4c5b-b68b-39042b0e160c}</UniqueIdentifier>
    </Filter>
    <Filter Include="BoonenTWSAPI">
      <UniqueIdentifier>{e5d2e577-4d0d-434d-ad48-05842b59bab8}</UniqueIdentifier>
    </Filter>
  </ItemGroup>
  <ItemGroup>
    <ClInclude Include="src\Control.h">
      <Filter>Header Files</Filter>
    </ClInclude>
    <ClInclude Include="src\Data.h">
      <Filter>Header Files</Filter>
    </ClInclude>
    <ClInclude Include="src\MikeSimulator.h">
      <Filter>Header Files</Filter>
    </ClInclude>
    <ClInclude Include="src\MktSnapshot.h">
      <Filter>Header Files</Filter>
    </ClInclude>
    <ClInclude Include="src\MikeEnums.h">
      <Filter>Header Files</Filter>
    </ClInclude>
    <ClInclude Include="src\MikePositionsOrders.h">
      <Filter>Header Files</Filter>
    </ClInclude>
    <ClInclude Include="src\MikeTimer.h">
      <Filter>Header Files</Filter>
    </ClInclude>
    <ClInclude Include="src\PositionBook.h">
      <Filter>Header Files</Filter>
    </ClInclude>
    <ClInclude Include="src\MikeTWSData.h">
      <Filter>Header Files</Filter>
    </ClInclude>
    <ClInclude Include="src\FLUID\FluidInterface.h">
      <Filter>FLUID Files</Filter>
    </ClInclude>
    <ClInclude Include="src\FLUID\FluidPriceControl.h">
      <Filter>FLUID Files</Filter>
    </ClInclude>
    <ClInclude Include="src\FLUID\FluidSimpleTableWindow.h">
      <Filter>FLUID Files</Filter>
    </ClInclude>
    <ClInclude Include="src\PriceControlUI.h">
      <Filter>UserInterface</Filter>
    </ClInclude>
    <ClInclude Include="src\ManualInterface.h">
      <Filter>UserInterface</Filter>
    </ClInclude>
    <ClInclude Include="src\UserInterface.h">
      <Filter>UserInterface</Filter>
    </ClInclude>
    <ClInclude Include="src\WidgetTable.h">
      <Filter>UserInterface</Filter>
    </ClInclude>
    <ClInclude Include="src\SimpleTableWindow.h">
      <Filter>UserInterface</Filter>
    </ClInclude>
    <ClInclude Include="src\FreshTWSAPI\afxwin.h">
      <Filter>BoonenTWSAPI</Filter>
    </ClInclude>
    <ClInclude Include="src\TwsApiCpp-master\TwsApiC++\Api\Enumerations.h">
      <Filter>BoonenTWSAPI</Filter>
    </ClInclude>
    <ClInclude Include="src\TwsApiCpp-master\TwsApiC++\Api\TwsApiDefs.h">
      <Filter>BoonenTWSAPI</Filter>
    </ClInclude>
    <ClInclude Include="src\TwsApiCpp-master\TwsApiC++\Api\TwsApiL0.h">
      <Filter>BoonenTWSAPI</Filter>
    </ClInclude>
    <ClInclude Include="src\MikeOrderbook.h">
      <Filter>Header Files</Filter>
    </ClInclude>
    <ClInclude Include="src\PosOrders.h">
      <Filter>Header Files</Filter>
    </ClInclude>
  </ItemGroup>
  <ItemGroup>
    <ClCompile Include="src\Control.cpp">
      <Filter>Source Files</Filter>
    </ClCompile>
    <ClCompile Include="src\Data.cpp">
      <Filter>Source Files</Filter>
    </ClCompile>
    <ClCompile Include="src\main.cpp">
      <Filter>Source Files</Filter>
    </ClCompile>
    <ClCompile Include="src\MikeSimulator.cpp">
      <Filter>Source Files</Filter>
    </ClCompile>
    <ClCompile Include="src\MikePositionsOrders.cpp">
      <Filter>Source Files</Filter>
    </ClCompile>
    <ClCompile Include="src\MikeTimer.cpp">
      <Filter>Source Files</Filter>
    </ClCompile>
    <ClCompile Include="src\OrderbookPrototype.cpp">
      <Filter>Source Files</Filter>
    </ClCompile>
    <ClCompile Include="src\PositionBook.cpp">
      <Filter>Source Files</Filter>
    </ClCompile>
    <ClCompile Include="src\APINoThread.cpp">
      <Filter>Source Files</Filter>
    </ClCompile>
    <ClCompile Include="src\MikeTWSData.cpp">
      <Filter>Source Files</Filter>
    </ClCompile>
    <ClCompile Include="src\FLUID\FluidInterface.cxx">
      <Filter>FLUID Files</Filter>
    </ClCompile>
    <ClCompile Include="src\FLUID\FluidPriceControl.cxx">
      <Filter>FLUID Files</Filter>
    </ClCompile>
    <ClCompile Include="src\FLUID\FluidSimpleTableWindow.cxx">
      <Filter>FLUID Files</Filter>
    </ClCompile>
    <ClCompile Include="src\ManualInterface.cpp">
      <Filter>UserInterface</Filter>
    </ClCompile>
    <ClCompile Include="src\PriceControlUI.cpp">
      <Filter>UserInterface</Filter>
    </ClCompile>
    <ClCompile Include="src\UserInterface.cpp">
      <Filter>UserInterface</Filter>
    </ClCompile>
    <ClCompile Include="src\WidgetTable.cpp">
      <Filter>UserInterface</Filter>
    </ClCompile>
    <ClCompile Include="src\SimpleTableWindow.cpp">
      <Filter>UserInterface</Filter>
    </ClCompile>
    <ClCompile Include="src\FreshTWSAPI\TwsApiL0.cpp">
      <Filter>BoonenTWSAPI</Filter>
    </ClCompile>
    <ClCompile Include="src\ThreadMainFunction.cpp">
      <Filter>Source Files</Filter>
    </ClCompile>
  </ItemGroup>
  <ItemGroup>
    <Text Include="README.txt">
      <Filter>Documentation</Filter>
    </Text>
    <Text Include="DevelopmentLog.txt">
      <Filter>Documentation</Filter>
    </Text>
    <Text Include="Old Code.txt">
      <Filter>Documentation</Filter>
    </Text>
  </ItemGroup>
  <ItemGroup>
    <None Include="StructureOfCode.ppt">
      <Filter>Documentation</Filter>
    </None>
    <None Include="ClassDiagram.cd" />
    <None Include="ClassDiagram1.cd" />
  </ItemGroup>
  <ItemGroup>
    <Image Include="OrderBookStructure.JPG">
      <Filter>Documentation</Filter>
    </Image>
  </ItemGroup>
</Project>