<?xml version="1.0" encoding="utf-8"?>
<Project ToolsVersion="4.0" xmlns="http://schemas.microsoft.com/developer/msbuild/2003">
  <ItemGroup>
    <Filter Include="Source Files">
      <UniqueIdentifier>{4FC737F1-C7A5-4376-A066-2A32D752A2FF}</UniqueIdentifier>
      <Extensions>cpp;c;cc;cxx;def;odl;idl;hpj;bat;asm;asmx</Extensions>
    </Filter>
    <Filter Include="Header Files">
      <UniqueIdentifier>{93995380-89BD-4b04-88EB-625FBE52EBFB}</UniqueIdentifier>
      <Extensions>h;hh;hpp;hxx;hm;inl;inc;xsd</Extensions>
    </Filter>
    <Filter Include="Resource Files">
      <UniqueIdentifier>{67DA6AB6-F800-4c08-8B7A-83BB121AAD01}</UniqueIdentifier>
      <Extensions>rc;ico;cur;bmp;dlg;rc2;rct;bin;rgs;gif;jpg;jpeg;jpe;resx;tiff;tif;png;wav;mfcribbon-ms</Extensions>
    </Filter>
    <Filter Include="Documentation">
      <UniqueIdentifier>{9a6ec74d-b1fa-44d4-b9e1-20ad64353043}</UniqueIdentifier>
    </Filter>
  </ItemGroup>
  <ItemGroup>
    <ClInclude Include="src\Control.h">
      <Filter>Header Files</Filter>
    </ClInclude>
    <ClInclude Include="src\Data.h">
      <Filter>Header Files</Filter>
    </ClInclude>
    <ClInclude Include="src\MikeSimulator.h">
      <Filter>Header Files</Filter>
    </ClInclude>
    <ClInclude Include="src\MktSnapshot.h">
      <Filter>Header Files</Filter>
    </ClInclude>
    <ClInclude Include="src\UserInterface.h">
      <Filter>Header Files</Filter>
    </ClInclude>
    <ClInclude Include="src\FLUID\FluidInterface.h">
      <Filter>Header Files</Filter>
    </ClInclude>
    <ClInclude Include="src\WidgetTable.h">
      <Filter>Header Files</Filter>
    </ClInclude>
    <ClInclude Include="src\FLUID\FluidPriceControl.h">
      <Filter>Header Files</Filter>
    </ClInclude>
    <ClInclude Include="src\PriceControlUI.h">
      <Filter>Header Files</Filter>
    </ClInclude>
    <ClInclude Include="src\MikeEnums.h">
      <Filter>Header Files</Filter>
    </ClInclude>
    <ClInclude Include="src\ManualInterface.h">
      <Filter>Header Files</Filter>
    </ClInclude>
    <ClInclude Include="src\MikePositionsOrders.h">
      <Filter>Header Files</Filter>
    </ClInclude>
    <ClInclude Include="src\MikeTimer.h">
      <Filter>Header Files</Filter>
    </ClInclude>
  </ItemGroup>
  <ItemGroup>
    <ClCompile Include="src\Control.cpp">
      <Filter>Source Files</Filter>
    </ClCompile>
    <ClCompile Include="src\Data.cpp">
      <Filter>Source Files</Filter>
    </ClCompile>
    <ClCompile Include="src\main.cpp">
      <Filter>Source Files</Filter>
    </ClCompile>
    <ClCompile Include="src\MikeSimulator.cpp">
      <Filter>Source Files</Filter>
    </ClCompile>
    <ClCompile Include="src\UserInterface.cpp">
      <Filter>Source Files</Filter>
    </ClCompile>
    <ClCompile Include="src\FLUID\FluidInterface.cxx">
      <Filter>Source Files</Filter>
    </ClCompile>
    <ClCompile Include="src\WidgetTable.cpp">
      <Filter>Source Files</Filter>
    </ClCompile>
    <ClCompile Include="src\FLUID\FluidPriceControl.cxx">
      <Filter>Source Files</Filter>
    </ClCompile>
    <ClCompile Include="src\PriceControlUI.cpp">
      <Filter>Source Files</Filter>
    </ClCompile>
    <ClCompile Include="src\ManualInterface.cpp">
      <Filter>Source Files</Filter>
    </ClCompile>
    <ClCompile Include="src\MikePositionsOrders.cpp">
      <Filter>Source Files</Filter>
    </ClCompile>
    <ClCompile Include="src\MikeTimer.cpp">
      <Filter>Source Files</Filter>
    </ClCompile>
  </ItemGroup>
  <ItemGroup>
    <Text Include="README.txt">
      <Filter>Documentation</Filter>
    </Text>
    <Text Include="DevelopmentLog.txt">
      <Filter>Documentation</Filter>
    </Text>
    <Text Include="Old Code.txt">
      <Filter>Documentation</Filter>
    </Text>
  </ItemGroup>
  <ItemGroup>
    <None Include="StructureOfCode.ppt">
      <Filter>Documentation</Filter>
    </None>
    <None Include="ClassDiagram.cd" />
  </ItemGroup>
</Project>