<?xml version="1.0" encoding="utf-8"?>
<Project ToolsVersion="4.0" xmlns="http://schemas.microsoft.com/developer/msbuild/2003">
  <ItemGroup>
    <Filter Include="Resource Files">
      <UniqueIdentifier>{67DA6AB6-F800-4c08-8B7A-83BB121AAD01}</UniqueIdentifier>
      <Extensions>rc;ico;cur;bmp;dlg;rc2;rct;bin;rgs;gif;jpg;jpeg;jpe;resx;tiff;tif;png;wav;mfcribbon-ms</Extensions>
    </Filter>
    <Filter Include="OLD">
      <UniqueIdentifier>{d9f022de-c7ec-4870-9a4d-cf5104606a2d}</UniqueIdentifier>
    </Filter>
    <Filter Include="OLD\Source Files">
      <UniqueIdentifier>{4FC737F1-C7A5-4376-A066-2A32D752A2FF}</UniqueIdentifier>
      <Extensions>cpp;c;cc;cxx;def;odl;idl;hpj;bat;asm;asmx</Extensions>
    </Filter>
    <Filter Include="OLD\Header Files">
      <UniqueIdentifier>{93995380-89BD-4b04-88EB-625FBE52EBFB}</UniqueIdentifier>
      <Extensions>h;hh;hpp;hxx;hm;inl;inc;xsd</Extensions>
    </Filter>
    <Filter Include="OLD\FLUID">
      <UniqueIdentifier>{7fcd3cc7-4e87-4215-a976-283991c1ed22}</UniqueIdentifier>
    </Filter>
  </ItemGroup>
  <ItemGroup>
    <ClInclude Include="FLUID\FluidInterface.h">
      <Filter>OLD\FLUID</Filter>
    </ClInclude>
    <ClInclude Include="FLUID\FluidPriceControl.h">
      <Filter>OLD\FLUID</Filter>
    </ClInclude>
    <ClInclude Include="FLUID\FluidSimpleTableWindow.h">
      <Filter>OLD\FLUID</Filter>
    </ClInclude>
    <ClInclude Include="Control.h">
      <Filter>OLD\Header Files</Filter>
    </ClInclude>
    <ClInclude Include="Data.h">
      <Filter>OLD\Header Files</Filter>
    </ClInclude>
    <ClInclude Include="MikeEnums.h">
      <Filter>OLD\Header Files</Filter>
    </ClInclude>
    <ClInclude Include="MikeOrderbook.h">
      <Filter>OLD\Header Files</Filter>
    </ClInclude>
    <ClInclude Include="MikePositionsOrders.h">
      <Filter>OLD\Header Files</Filter>
    </ClInclude>
    <ClInclude Include="MikeSimulator.h">
      <Filter>OLD\Header Files</Filter>
    </ClInclude>
    <ClInclude Include="MikeTimer.h">
      <Filter>OLD\Header Files</Filter>
    </ClInclude>
    <ClInclude Include="MikeTWSData.h">
      <Filter>OLD\Header Files</Filter>
    </ClInclude>
    <ClInclude Include="PositionBook.h">
      <Filter>OLD\Header Files</Filter>
    </ClInclude>
    <ClInclude Include="PosOrders.h">
      <Filter>OLD\Header Files</Filter>
    </ClInclude>
    <ClInclude Include="MktSnapshot.h">
      <Filter>OLD\Header Files</Filter>
    </ClInclude>
    <ClInclude Include="ManualInterface.h">
      <Filter>OLD\Header Files</Filter>
    </ClInclude>
    <ClInclude Include="UserInterface.h">
      <Filter>OLD\Header Files</Filter>
    </ClInclude>
    <ClInclude Include="WidgetTable.h">
      <Filter>OLD\Header Files</Filter>
    </ClInclude>
    <ClInclude Include="PriceControlUI.h">
      <Filter>OLD\Header Files</Filter>
    </ClInclude>
    <ClInclude Include="SimpleTableWindow.h">
      <Filter>OLD\Header Files</Filter>
    </ClInclude>
  </ItemGroup>
  <ItemGroup>
    <ClCompile Include="FLUID\FluidInterface.cxx">
      <Filter>OLD\FLUID</Filter>
    </ClCompile>
    <ClCompile Include="FLUID\FluidPriceControl.cxx">
      <Filter>OLD\FLUID</Filter>
    </ClCompile>
    <ClCompile Include="FLUID\FluidSimpleTableWindow.cxx">
      <Filter>OLD\FLUID</Filter>
    </ClCompile>
    <ClCompile Include="APINoThread.cpp">
      <Filter>OLD\Source Files</Filter>
    </ClCompile>
    <ClCompile Include="Control.cpp">
      <Filter>OLD\Source Files</Filter>
    </ClCompile>
    <ClCompile Include="Data.cpp">
      <Filter>OLD\Source Files</Filter>
    </ClCompile>
    <ClCompile Include="main.cpp">
      <Filter>OLD\Source Files</Filter>
    </ClCompile>
    <ClCompile Include="MikePositionsOrders.cpp">
      <Filter>OLD\Source Files</Filter>
    </ClCompile>
    <ClCompile Include="MikeSimulator.cpp">
      <Filter>OLD\Source Files</Filter>
    </ClCompile>
    <ClCompile Include="MikeTimer.cpp">
      <Filter>OLD\Source Files</Filter>
    </ClCompile>
    <ClCompile Include="MikeTWSData.cpp">
      <Filter>OLD\Source Files</Filter>
    </ClCompile>
    <ClCompile Include="OrderbookPrototype.cpp">
      <Filter>OLD\Source Files</Filter>
    </ClCompile>
    <ClCompile Include="PositionBook.cpp">
      <Filter>OLD\Source Files</Filter>
    </ClCompile>
    <ClCompile Include="ThreadMainFunction.cpp">
      <Filter>OLD\Source Files</Filter>
    </ClCompile>
    <ClCompile Include="ManualInterface.cpp">
      <Filter>OLD\Source Files</Filter>
    </ClCompile>
    <ClCompile Include="UserInterface.cpp">
      <Filter>OLD\Source Files</Filter>
    </ClCompile>
    <ClCompile Include="WidgetTable.cpp">
      <Filter>OLD\Source Files</Filter>
    </ClCompile>
    <ClCompile Include="PriceControlUI.cpp">
      <Filter>OLD\Source Files</Filter>
    </ClCompile>
    <ClCompile Include="SimpleTableWindow.cpp">
      <Filter>OLD\Source Files</Filter>
    </ClCompile>
  </ItemGroup>
</Project>